
Microsoft Visual Studio Solution File, Format Version 12.00
# Visual Studio Version 17
VisualStudioVersion = 17.8.34330.188
MinimumVisualStudioVersion = 10.0.40219.1
Project("{FAE04EC0-301F-11D3-BF4B-00C04F79EFBC}") = "CRUDapplication", "CRUDapplication.csproj", "{FDD3B312-F705-465F-B1B0-0FF8F9796086}"
EndProject
Global
	GlobalSection(SolutionConfigurationPlatforms) = preSolution
		Debug|Any CPU = Debug|Any CPU
		Release|Any CPU = Release|Any CPU
	EndGlobalSection
	GlobalSection(ProjectConfigurationPlatforms) = postSolution
		{FDD3B312-F705-465F-B1B0-0FF8F9796086}.Debug|Any CPU.ActiveCfg = Debug|Any CPU
		{FDD3B312-F705-465F-B1B0-0FF8F9796086}.Debug|Any CPU.Build.0 = Debug|Any CPU
		{FDD3B312-F705-465F-B1B0-0FF8F9796086}.Release|Any CPU.ActiveCfg = Release|Any CPU
		{FDD3B312-F705-465F-B1B0-0FF8F9796086}.Release|Any CPU.Build.0 = Release|Any CPU
	EndGlobalSection
	GlobalSection(SolutionProperties) = preSolution
		HideSolutionNode = FALSE
	EndGlobalSection
	GlobalSection(ExtensibilityGlobals) = postSolution
		SolutionGuid = {89407748-2BEE-4B81-B379-D3BF3030D1B2}
	EndGlobalSection
EndGlobal
